// !$*UTF8*$!
{
	archiveVersion = 1;
	classes = {
	};
	objectVersion = 77;
	objects = {

/* Begin PBXContainerItemProxy section */
		25245B982CA216BC0004DFF2 /* PBXContainerItemProxy */ = {
			isa = PBXContainerItemProxy;
			containerPortal = 25245B7E2CA216BA0004DFF2 /* Project object */;
			proxyType = 1;
			remoteGlobalIDString = 25245B852CA216BA0004DFF2;
			remoteInfo = wordleSolver;
		};
		25245BA22CA216BC0004DFF2 /* PBXContainerItemProxy */ = {
			isa = PBXContainerItemProxy;
			containerPortal = 25245B7E2CA216BA0004DFF2 /* Project object */;
			proxyType = 1;
			remoteGlobalIDString = 25245B852CA216BA0004DFF2;
			remoteInfo = wordleSolver;
		};
/* End PBXContainerItemProxy section */

/* Begin PBXFileReference section */
		25245B862CA216BA0004DFF2 /* wordleSolver.app */ = {isa = PBXFileReference; explicitFileType = wrapper.application; includeInIndex = 0; path = wordleSolver.app; sourceTree = BUILT_PRODUCTS_DIR; };
		25245B972CA216BC0004DFF2 /* wordleSolverTests.xctest */ = {isa = PBXFileReference; explicitFileType = wrapper.cfbundle; includeInIndex = 0; path = wordleSolverTests.xctest; sourceTree = BUILT_PRODUCTS_DIR; };
		25245BA12CA216BC0004DFF2 /* wordleSolverUITests.xctest */ = {isa = PBXFileReference; explicitFileType = wrapper.cfbundle; includeInIndex = 0; path = wordleSolverUITests.xctest; sourceTree = BUILT_PRODUCTS_DIR; };
/* End PBXFileReference section */

/* Begin PBXFileSystemSynchronizedRootGroup section */
		25245B882CA216BA0004DFF2 /* wordleSolver */ = {
			isa = PBXFileSystemSynchronizedRootGroup;
			path = wordleSolver;
			sourceTree = "<group>";
		};
		25245B9A2CA216BC0004DFF2 /* wordleSolverTests */ = {
			isa = PBXFileSystemSynchronizedRootGroup;
			path = wordleSolverTests;
			sourceTree = "<group>";
		};
		25245BA42CA216BC0004DFF2 /* wordleSolverUITests */ = {
			isa = PBXFileSystemSynchronizedRootGroup;
			path = wordleSolverUITests;
			sourceTree = "<group>";
		};
/* End PBXFileSystemSynchronizedRootGroup section */

/* Begin PBXFrameworksBuildPhase section */
		25245B832CA216BA0004DFF2 /* Frameworks */ = {
			isa = PBXFrameworksBuildPhase;
			buildActionMask = 2147483647;
			files = (
			);
			runOnlyForDeploymentPostprocessing = 0;
		};
		25245B942CA216BC0004DFF2 /* Frameworks */ = {
			isa = PBXFrameworksBuildPhase;
			buildActionMask = 2147483647;
			files = (
			);
			runOnlyForDeploymentPostprocessing = 0;
		};
		25245B9E2CA216BC0004DFF2 /* Frameworks */ = {
			isa = PBXFrameworksBuildPhase;
			buildActionMask = 2147483647;
			files = (
			);
			runOnlyForDeploymentPostprocessing = 0;
		};
/* End PBXFrameworksBuildPhase section */

/* Begin PBXGroup section */
		25245B7D2CA216BA0004DFF2 = {
			isa = PBXGroup;
			children = (
				25245B882CA216BA0004DFF2 /* wordleSolver */,
				25245B9A2CA216BC0004DFF2 /* wordleSolverTests */,
				25245BA42CA216BC0004DFF2 /* wordleSolverUITests */,
				25245B872CA216BA0004DFF2 /* Products */,
			);
			sourceTree = "<group>";
		};
		25245B872CA216BA0004DFF2 /* Products */ = {
			isa = PBXGroup;
			children = (
				25245B862CA216BA0004DFF2 /* wordleSolver.app */,
				25245B972CA216BC0004DFF2 /* wordleSolverTests.xctest */,
				25245BA12CA216BC0004DFF2 /* wordleSolverUITests.xctest */,
			);
			name = Products;
			sourceTree = "<group>";
		};
/* End PBXGroup section */

/* Begin PBXNativeTarget section */
		25245B852CA216BA0004DFF2 /* wordleSolver */ = {
			isa = PBXNativeTarget;
			buildConfigurationList = 25245BAB2CA216BC0004DFF2 /* Build configuration list for PBXNativeTarget "wordleSolver" */;
			buildPhases = (
				25245B822CA216BA0004DFF2 /* Sources */,
				25245B832CA216BA0004DFF2 /* Frameworks */,
				25245B842CA216BA0004DFF2 /* Resources */,
			);
			buildRules = (
			);
			dependencies = (
			);
			fileSystemSynchronizedGroups = (
				25245B882CA216BA0004DFF2 /* wordleSolver */,
			);
			name = wordleSolver;
			packageProductDependencies = (
			);
			productName = wordleSolver;
			productReference = 25245B862CA216BA0004DFF2 /* wordleSolver.app */;
			productType = "com.apple.product-type.application";
		};
		25245B962CA216BC0004DFF2 /* wordleSolverTests */ = {
			isa = PBXNativeTarget;
			buildConfigurationList = 25245BAE2CA216BC0004DFF2 /* Build configuration list for PBXNativeTarget "wordleSolverTests" */;
			buildPhases = (
				25245B932CA216BC0004DFF2 /* Sources */,
				25245B942CA216BC0004DFF2 /* Frameworks */,
				25245B952CA216BC0004DFF2 /* Resources */,
			);
			buildRules = (
			);
			dependencies = (
				25245B992CA216BC0004DFF2 /* PBXTargetDependency */,
			);
			fileSystemSynchronizedGroups = (
				25245B9A2CA216BC0004DFF2 /* wordleSolverTests */,
			);
			name = wordleSolverTests;
			packageProductDependencies = (
			);
			productName = wordleSolverTests;
			productReference = 25245B972CA216BC0004DFF2 /* wordleSolverTests.xctest */;
			productType = "com.apple.product-type.bundle.unit-test";
		};
		25245BA02CA216BC0004DFF2 /* wordleSolverUITests */ = {
			isa = PBXNativeTarget;
			buildConfigurationList = 25245BB12CA216BC0004DFF2 /* Build configuration list for PBXNativeTarget "wordleSolverUITests" */;
			buildPhases = (
				25245B9D2CA216BC0004DFF2 /* Sources */,
				25245B9E2CA216BC0004DFF2 /* Frameworks */,
				25245B9F2CA216BC0004DFF2 /* Resources */,
			);
			buildRules = (
			);
			dependencies = (
				25245BA32CA216BC0004DFF2 /* PBXTargetDependency */,
			);
			fileSystemSynchronizedGroups = (
				25245BA42CA216BC0004DFF2 /* wordleSolverUITests */,
			);
			name = wordleSolverUITests;
			packageProductDependencies = (
			);
			productName = wordleSolverUITests;
			productReference = 25245BA12CA216BC0004DFF2 /* wordleSolverUITests.xctest */;
			productType = "com.apple.product-type.bundle.ui-testing";
		};
/* End PBXNativeTarget section */

/* Begin PBXProject section */
		25245B7E2CA216BA0004DFF2 /* Project object */ = {
			isa = PBXProject;
			attributes = {
				BuildIndependentTargetsInParallel = 1;
				LastSwiftUpdateCheck = 1600;
				LastUpgradeCheck = 1600;
				TargetAttributes = {
					25245B852CA216BA0004DFF2 = {
						CreatedOnToolsVersion = 16.0;
					};
					25245B962CA216BC0004DFF2 = {
						CreatedOnToolsVersion = 16.0;
						TestTargetID = 25245B852CA216BA0004DFF2;
					};
					25245BA02CA216BC0004DFF2 = {
						CreatedOnToolsVersion = 16.0;
						TestTargetID = 25245B852CA216BA0004DFF2;
					};
				};
			};
			buildConfigurationList = 25245B812CA216BA0004DFF2 /* Build configuration list for PBXProject "wordleSolver" */;
			developmentRegion = en;
			hasScannedForEncodings = 0;
			knownRegions = (
				en,
				Base,
			);
			mainGroup = 25245B7D2CA216BA0004DFF2;
			minimizedProjectReferenceProxies = 1;
			preferredProjectObjectVersion = 77;
			productRefGroup = 25245B872CA216BA0004DFF2 /* Products */;
			projectDirPath = "";
			projectRoot = "";
			targets = (
				25245B852CA216BA0004DFF2 /* wordleSolver */,
				25245B962CA216BC0004DFF2 /* wordleSolverTests */,
				25245BA02CA216BC0004DFF2 /* wordleSolverUITests */,
			);
		};
/* End PBXProject section */

/* Begin PBXResourcesBuildPhase section */
		25245B842CA216BA0004DFF2 /* Resources */ = {
			isa = PBXResourcesBuildPhase;
			buildActionMask = 2147483647;
			files = (
			);
			runOnlyForDeploymentPostprocessing = 0;
		};
		25245B952CA216BC0004DFF2 /* Resources */ = {
			isa = PBXResourcesBuildPhase;
			buildActionMask = 2147483647;
			files = (
			);
			runOnlyForDeploymentPostprocessing = 0;
		};
		25245B9F2CA216BC0004DFF2 /* Resources */ = {
			isa = PBXResourcesBuildPhase;
			buildActionMask = 2147483647;
			files = (
			);
			runOnlyForDeploymentPostprocessing = 0;
		};
/* End PBXResourcesBuildPhase section */

/* Begin PBXSourcesBuildPhase section */
		25245B822CA216BA0004DFF2 /* Sources */ = {
			isa = PBXSourcesBuildPhase;
			buildActionMask = 2147483647;
			files = (
			);
			runOnlyForDeploymentPostprocessing = 0;
		};
		25245B932CA216BC0004DFF2 /* Sources */ = {
			isa = PBXSourcesBuildPhase;
			buildActionMask = 2147483647;
			files = (
			);
			runOnlyForDeploymentPostprocessing = 0;
		};
		25245B9D2CA216BC0004DFF2 /* Sources */ = {
			isa = PBXSourcesBuildPhase;
			buildActionMask = 2147483647;
			files = (
			);
			runOnlyForDeploymentPostprocessing = 0;
		};
/* End PBXSourcesBuildPhase section */

/* Begin PBXTargetDependency section */
		25245B992CA216BC0004DFF2 /* PBXTargetDependency */ = {
			isa = PBXTargetDependency;
			target = 25245B852CA216BA0004DFF2 /* wordleSolver */;
			targetProxy = 25245B982CA216BC0004DFF2 /* PBXContainerItemProxy */;
		};
		25245BA32CA216BC0004DFF2 /* PBXTargetDependency */ = {
			isa = PBXTargetDependency;
			target = 25245B852CA216BA0004DFF2 /* wordleSolver */;
			targetProxy = 25245BA22CA216BC0004DFF2 /* PBXContainerItemProxy */;
		};
/* End PBXTargetDependency section */

/* Begin XCBuildConfiguration section */
		25245BA92CA216BC0004DFF2 /* Debug */ = {
			isa = XCBuildConfiguration;
			buildSettings = {
				ALWAYS_SEARCH_USER_PATHS = NO;
				ASSETCATALOG_COMPILER_GENERATE_SWIFT_ASSET_SYMBOL_EXTENSIONS = YES;
				CLANG_ANALYZER_NONNULL = YES;
				CLANG_ANALYZER_NUMBER_OBJECT_CONVERSION = YES_AGGRESSIVE;
				CLANG_CXX_LANGUAGE_STANDARD = "gnu++20";
				CLANG_ENABLE_MODULES = YES;
				CLANG_ENABLE_OBJC_ARC = YES;
				CLANG_ENABLE_OBJC_WEAK = YES;
				CLANG_WARN_BLOCK_CAPTURE_AUTORELEASING = YES;
				CLANG_WARN_BOOL_CONVERSION = YES;
				CLANG_WARN_COMMA = YES;
				CLANG_WARN_CONSTANT_CONVERSION = YES;
				CLANG_WARN_DEPRECATED_OBJC_IMPLEMENTATIONS = YES;
				CLANG_WARN_DIRECT_OBJC_ISA_USAGE = YES_ERROR;
				CLANG_WARN_DOCUMENTATION_COMMENTS = YES;
				CLANG_WARN_EMPTY_BODY = YES;
				CLANG_WARN_ENUM_CONVERSION = YES;
				CLANG_WARN_INFINITE_RECURSION = YES;
				CLANG_WARN_INT_CONVERSION = YES;
				CLANG_WARN_NON_LITERAL_NULL_CONVERSION = YES;
				CLANG_WARN_OBJC_IMPLICIT_RETAIN_SELF = YES;
				CLANG_WARN_OBJC_LITERAL_CONVERSION = YES;
				CLANG_WARN_OBJC_ROOT_CLASS = YES_ERROR;
				CLANG_WARN_QUOTED_INCLUDE_IN_FRAMEWORK_HEADER = YES;
				CLANG_WARN_RANGE_LOOP_ANALYSIS = YES;
				CLANG_WARN_STRICT_PROTOTYPES = YES;
				CLANG_WARN_SUSPICIOUS_MOVE = YES;
				CLANG_WARN_UNGUARDED_AVAILABILITY = YES_AGGRESSIVE;
				CLANG_WARN_UNREACHABLE_CODE = YES;
				CLANG_WARN__DUPLICATE_METHOD_MATCH = YES;
				COPY_PHASE_STRIP = NO;
				DEBUG_INFORMATION_FORMAT = dwarf;
				ENABLE_STRICT_OBJC_MSGSEND = YES;
				ENABLE_TESTABILITY = YES;
				ENABLE_USER_SCRIPT_SANDBOXING = YES;
				GCC_C_LANGUAGE_STANDARD = gnu17;
				GCC_DYNAMIC_NO_PIC = NO;
				GCC_NO_COMMON_BLOCKS = YES;
				GCC_OPTIMIZATION_LEVEL = 0;
				GCC_PREPROCESSOR_DEFINITIONS = (
					"DEBUG=1",
					"$(inherited)",
				);
				GCC_WARN_64_TO_32_BIT_CONVERSION = YES;
				GCC_WARN_ABOUT_RETURN_TYPE = YES_ERROR;
				GCC_WARN_UNDECLARED_SELECTOR = YES;
				GCC_WARN_UNINITIALIZED_AUTOS = YES_AGGRESSIVE;
				GCC_WARN_UNUSED_FUNCTION = YES;
				GCC_WARN_UNUSED_VARIABLE = YES;
				LOCALIZATION_PREFERS_STRING_CATALOGS = YES;
				MACOSX_DEPLOYMENT_TARGET = 15.0;
				MTL_ENABLE_DEBUG_INFO = INCLUDE_SOURCE;
				MTL_FAST_MATH = YES;
				ONLY_ACTIVE_ARCH = YES;
				SDKROOT = macosx;
				SWIFT_ACTIVE_COMPILATION_CONDITIONS = "DEBUG $(inherited)";
				SWIFT_OPTIMIZATION_LEVEL = "-Onone";
			};
			name = Debug;
		};
		25245BAA2CA216BC0004DFF2 /* Release */ = {
			isa = XCBuildConfiguration;
			buildSettings = {
				ALWAYS_SEARCH_USER_PATHS = NO;
				ASSETCATALOG_COMPILER_GENERATE_SWIFT_ASSET_SYMBOL_EXTENSIONS = YES;
				CLANG_ANALYZER_NONNULL = YES;
				CLANG_ANALYZER_NUMBER_OBJECT_CONVERSION = YES_AGGRESSIVE;
				CLANG_CXX_LANGUAGE_STANDARD = "gnu++20";
				CLANG_ENABLE_MODULES = YES;
				CLANG_ENABLE_OBJC_ARC = YES;
				CLANG_ENABLE_OBJC_WEAK = YES;
				CLANG_WARN_BLOCK_CAPTURE_AUTORELEASING = YES;
				CLANG_WARN_BOOL_CONVERSION = YES;
				CLANG_WARN_COMMA = YES;
				CLANG_WARN_CONSTANT_CONVERSION = YES;
				CLANG_WARN_DEPRECATED_OBJC_IMPLEMENTATIONS = YES;
				CLANG_WARN_DIRECT_OBJC_ISA_USAGE = YES_ERROR;
				CLANG_WARN_DOCUMENTATION_COMMENTS = YES;
				CLANG_WARN_EMPTY_BODY = YES;
				CLANG_WARN_ENUM_CONVERSION = YES;
				CLANG_WARN_INFINITE_RECURSION = YES;
				CLANG_WARN_INT_CONVERSION = YES;
				CLANG_WARN_NON_LITERAL_NULL_CONVERSION = YES;
				CLANG_WARN_OBJC_IMPLICIT_RETAIN_SELF = YES;
				CLANG_WARN_OBJC_LITERAL_CONVERSION = YES;
				CLANG_WARN_OBJC_ROOT_CLASS = YES_ERROR;
				CLANG_WARN_QUOTED_INCLUDE_IN_FRAMEWORK_HEADER = YES;
				CLANG_WARN_RANGE_LOOP_ANALYSIS = YES;
				CLANG_WARN_STRICT_PROTOTYPES = YES;
				CLANG_WARN_SUSPICIOUS_MOVE = YES;
				CLANG_WARN_UNGUARDED_AVAILABILITY = YES_AGGRESSIVE;
				CLANG_WARN_UNREACHABLE_CODE = YES;
				CLANG_WARN__DUPLICATE_METHOD_MATCH = YES;
				COPY_PHASE_STRIP = NO;
				DEBUG_INFORMATION_FORMAT = "dwarf-with-dsym";
				ENABLE_NS_ASSERTIONS = NO;
				ENABLE_STRICT_OBJC_MSGSEND = YES;
				ENABLE_USER_SCRIPT_SANDBOXING = YES;
				GCC_C_LANGUAGE_STANDARD = gnu17;
				GCC_NO_COMMON_BLOCKS = YES;
				GCC_WARN_64_TO_32_BIT_CONVERSION = YES;
				GCC_WARN_ABOUT_RETURN_TYPE = YES_ERROR;
				GCC_WARN_UNDECLARED_SELECTOR = YES;
				GCC_WARN_UNINITIALIZED_AUTOS = YES_AGGRESSIVE;
				GCC_WARN_UNUSED_FUNCTION = YES;
				GCC_WARN_UNUSED_VARIABLE = YES;
				LOCALIZATION_PREFERS_STRING_CATALOGS = YES;
				MACOSX_DEPLOYMENT_TARGET = 15.0;
				MTL_ENABLE_DEBUG_INFO = NO;
				MTL_FAST_MATH = YES;
				SDKROOT = macosx;
				SWIFT_COMPILATION_MODE = wholemodule;
			};
			name = Release;
		};
		25245BAC2CA216BC0004DFF2 /* Debug */ = {
			isa = XCBuildConfiguration;
			buildSettings = {
				ASSETCATALOG_COMPILER_APPICON_NAME = AppIcon;
				ASSETCATALOG_COMPILER_GLOBAL_ACCENT_COLOR_NAME = AccentColor;
				CODE_SIGN_ENTITLEMENTS = wordleSolver/wordleSolver.entitlements;
				CODE_SIGN_STYLE = Automatic;
				COMBINE_HIDPI_IMAGES = YES;
				CURRENT_PROJECT_VERSION = 1;
				DEVELOPMENT_ASSET_PATHS = "\"wordleSolver/Preview Content\"";
				DEVELOPMENT_TEAM = 77H3C3WGVP;
				ENABLE_HARDENED_RUNTIME = YES;
				ENABLE_PREVIEWS = YES;
				GENERATE_INFOPLIST_FILE = YES;
				INFOPLIST_KEY_CFBundleDisplayName = "Wordle Solver";
				INFOPLIST_KEY_NSHumanReadableCopyright = "";
				LD_RUNPATH_SEARCH_PATHS = (
					"$(inherited)",
					"@executable_path/../Frameworks",
				);
				MARKETING_VERSION = 1.0;
				PRODUCT_BUNDLE_IDENTIFIER = no.wordleSolver;
				PRODUCT_NAME = "$(TARGET_NAME)";
				SWIFT_EMIT_LOC_STRINGS = YES;
				SWIFT_VERSION = 5.0;
			};
			name = Debug;
		};
		25245BAD2CA216BC0004DFF2 /* Release */ = {
			isa = XCBuildConfiguration;
			buildSettings = {
				ASSETCATALOG_COMPILER_APPICON_NAME = AppIcon;
				ASSETCATALOG_COMPILER_GLOBAL_ACCENT_COLOR_NAME = AccentColor;
				CODE_SIGN_ENTITLEMENTS = wordleSolver/wordleSolver.entitlements;
				CODE_SIGN_STYLE = Automatic;
				COMBINE_HIDPI_IMAGES = YES;
				CURRENT_PROJECT_VERSION = 1;
				DEVELOPMENT_ASSET_PATHS = "\"wordleSolver/Preview Content\"";
				DEVELOPMENT_TEAM = 77H3C3WGVP;
				ENABLE_HARDENED_RUNTIME = YES;
				ENABLE_PREVIEWS = YES;
				GENERATE_INFOPLIST_FILE = YES;
				INFOPLIST_KEY_CFBundleDisplayName = "Wordle Solver";
				INFOPLIST_KEY_NSHumanReadableCopyright = "";
				LD_RUNPATH_SEARCH_PATHS = (
					"$(inherited)",
					"@executable_path/../Frameworks",
				);
				MARKETING_VERSION = 1.0;
				PRODUCT_BUNDLE_IDENTIFIER = no.wordleSolver;
				PRODUCT_NAME = "$(TARGET_NAME)";
				SWIFT_EMIT_LOC_STRINGS = YES;
				SWIFT_VERSION = 5.0;
			};
			name = Release;
		};
		25245BAF2CA216BC0004DFF2 /* Debug */ = {
			isa = XCBuildConfiguration;
			buildSettings = {
				BUNDLE_LOADER = "$(TEST_HOST)";
				CODE_SIGN_STYLE = Automatic;
				CURRENT_PROJECT_VERSION = 1;
				DEVELOPMENT_TEAM = 77H3C3WGVP;
				GENERATE_INFOPLIST_FILE = YES;
				MACOSX_DEPLOYMENT_TARGET = 15.0;
				MARKETING_VERSION = 1.0;
				PRODUCT_BUNDLE_IDENTIFIER = no.wordleSolverTests;
				PRODUCT_NAME = "$(TARGET_NAME)";
				SWIFT_EMIT_LOC_STRINGS = NO;
				SWIFT_VERSION = 5.0;
				TEST_HOST = "$(BUILT_PRODUCTS_DIR)/wordleSolver.app/$(BUNDLE_EXECUTABLE_FOLDER_PATH)/wordleSolver";
			};
			name = Debug;
		};
		25245BB02CA216BC0004DFF2 /* Release */ = {
			isa = XCBuildConfiguration;
			buildSettings = {
				BUNDLE_LOADER = "$(TEST_HOST)";
				CODE_SIGN_STYLE = Automatic;
				CURRENT_PROJECT_VERSION = 1;
				DEVELOPMENT_TEAM = 77H3C3WGVP;
				GENERATE_INFOPLIST_FILE = YES;
				MACOSX_DEPLOYMENT_TARGET = 15.0;
				MARKETING_VERSION = 1.0;
				PRODUCT_BUNDLE_IDENTIFIER = no.wordleSolverTests;
				PRODUCT_NAME = "$(TARGET_NAME)";
				SWIFT_EMIT_LOC_STRINGS = NO;
				SWIFT_VERSION = 5.0;
				TEST_HOST = "$(BUILT_PRODUCTS_DIR)/wordleSolver.app/$(BUNDLE_EXECUTABLE_FOLDER_PATH)/wordleSolver";
			};
			name = Release;
		};
		25245BB22CA216BC0004DFF2 /* Debug */ = {
			isa = XCBuildConfiguration;
			buildSettings = {
				CODE_SIGN_STYLE = Automatic;
				CURRENT_PROJECT_VERSION = 1;
				DEVELOPMENT_TEAM = 77H3C3WGVP;
				GENERATE_INFOPLIST_FILE = YES;
				MARKETING_VERSION = 1.0;
				PRODUCT_BUNDLE_IDENTIFIER = no.wordleSolverUITests;
				PRODUCT_NAME = "$(TARGET_NAME)";
				SWIFT_EMIT_LOC_STRINGS = NO;
				SWIFT_VERSION = 5.0;
				TEST_TARGET_NAME = wordleSolver;
			};
			name = Debug;
		};
		25245BB32CA216BC0004DFF2 /* Release */ = {
			isa = XCBuildConfiguration;
			buildSettings = {
				CODE_SIGN_STYLE = Automatic;
				CURRENT_PROJECT_VERSION = 1;
				DEVELOPMENT_TEAM = 77H3C3WGVP;
				GENERATE_INFOPLIST_FILE = YES;
				MARKETING_VERSION = 1.0;
				PRODUCT_BUNDLE_IDENTIFIER = no.wordleSolverUITests;
				PRODUCT_NAME = "$(TARGET_NAME)";
				SWIFT_EMIT_LOC_STRINGS = NO;
				SWIFT_VERSION = 5.0;
				TEST_TARGET_NAME = wordleSolver;
			};
			name = Release;
		};
/* End XCBuildConfiguration section */

/* Begin XCConfigurationList section */
		25245B812CA216BA0004DFF2 /* Build configuration list for PBXProject "wordleSolver" */ = {
			isa = XCConfigurationList;
			buildConfigurations = (
				25245BA92CA216BC0004DFF2 /* Debug */,
				25245BAA2CA216BC0004DFF2 /* Release */,
			);
			defaultConfigurationIsVisible = 0;
			defaultConfigurationName = Release;
		};
		25245BAB2CA216BC0004DFF2 /* Build configuration list for PBXNativeTarget "wordleSolver" */ = {
			isa = XCConfigurationList;
			buildConfigurations = (
				25245BAC2CA216BC0004DFF2 /* Debug */,
				25245BAD2CA216BC0004DFF2 /* Release */,
			);
			defaultConfigurationIsVisible = 0;
			defaultConfigurationName = Release;
		};
		25245BAE2CA216BC0004DFF2 /* Build configuration list for PBXNativeTarget "wordleSolverTests" */ = {
			isa = XCConfigurationList;
			buildConfigurations = (
				25245BAF2CA216BC0004DFF2 /* Debug */,
				25245BB02CA216BC0004DFF2 /* Release */,
			);
			defaultConfigurationIsVisible = 0;
			defaultConfigurationName = Release;
		};
		25245BB12CA216BC0004DFF2 /* Build configuration list for PBXNativeTarget "wordleSolverUITests" */ = {
			isa = XCConfigurationList;
			buildConfigurations = (
				25245BB22CA216BC0004DFF2 /* Debug */,
				25245BB32CA216BC0004DFF2 /* Release */,
			);
			defaultConfigurationIsVisible = 0;
			defaultConfigurationName = Release;
		};
/* End XCConfigurationList section */
	};
	rootObject = 25245B7E2CA216BA0004DFF2 /* Project object */;
}
